
Microsoft Visual Studio Solution File, Format Version 12.00
# Visual Studio Version 16
VisualStudioVersion = 16.0.29709.97
MinimumVisualStudioVersion = 10.0.40219.1
Project("{8BC9CEB8-8B4A-11D0-8D11-00A0C91BC942}") = "Lucky 7", "Lucky 7.vcxproj", "{868F4416-59E7-42D9-B8BE-5AAB8C6CBEEC}"
EndProject
Global
	GlobalSection(SolutionConfigurationPlatforms) = preSolution
		Debug|x64 = Debug|x64
		Debug|x86 = Debug|x86
		Release|x64 = Release|x64
		Release|x86 = Release|x86
	EndGlobalSection
	GlobalSection(ProjectConfigurationPlatforms) = postSolution
		{868F4416-59E7-42D9-B8BE-5AAB8C6CBEEC}.Debug|x64.ActiveCfg = Debug|x64
		{868F4416-59E7-42D9-B8BE-5AAB8C6CBEEC}.Debug|x64.Build.0 = Debug|x64
		{868F4416-59E7-42D9-B8BE-5AAB8C6CBEEC}.Debug|x86.ActiveCfg = Debug|Win32
		{868F4416-59E7-42D9-B8BE-5AAB8C6CBEEC}.Debug|x86.Build.0 = Debug|Win32
		{868F4416-59E7-42D9-B8BE-5AAB8C6CBEEC}.Release|x64.ActiveCfg = Release|x64
		{868F4416-59E7-42D9-B8BE-5AAB8C6CBEEC}.Release|x64.Build.0 = Release|x64
		{868F4416-59E7-42D9-B8BE-5AAB8C6CBEEC}.Release|x86.ActiveCfg = Release|Win32
		{868F4416-59E7-42D9-B8BE-5AAB8C6CBEEC}.Release|x86.Build.0 = Release|Win32
	EndGlobalSection
	GlobalSection(SolutionProperties) = preSolution
		HideSolutionNode = FALSE
	EndGlobalSection
	GlobalSection(ExtensibilityGlobals) = postSolution
		SolutionGuid = {DB17CFC8-EC7D-45BA-805B-3BF0C56BE55C}
	EndGlobalSection
EndGlobal
